
Microsoft Visual Studio Solution File, Format Version 12.00
# Visual Studio Version 16
VisualStudioVersion = 16.0.29519.87
MinimumVisualStudioVersion = 10.0.40219.1
Project("{FAE04EC0-301F-11D3-BF4B-00C04F79EFBC}") = "Домашняя_бухгалтерия", "HomeBuh2\Домашняя_бухгалтерия.csproj", "{DA4E3E11-DE5D-44B2-A2F5-92502C679AC1}"
EndProject
Global
	GlobalSection(SolutionConfigurationPlatforms) = preSolution
		Debug|Any CPU = Debug|Any CPU
		Release|Any CPU = Release|Any CPU
	EndGlobalSection
	GlobalSection(ProjectConfigurationPlatforms) = postSolution
		{DA4E3E11-DE5D-44B2-A2F5-92502C679AC1}.Debug|Any CPU.ActiveCfg = Debug|Any CPU
		{DA4E3E11-DE5D-44B2-A2F5-92502C679AC1}.Debug|Any CPU.Build.0 = Debug|Any CPU
		{DA4E3E11-DE5D-44B2-A2F5-92502C679AC1}.Release|Any CPU.ActiveCfg = Release|Any CPU
		{DA4E3E11-DE5D-44B2-A2F5-92502C679AC1}.Release|Any CPU.Build.0 = Release|Any CPU
	EndGlobalSection
	GlobalSection(SolutionProperties) = preSolution
		HideSolutionNode = FALSE
	EndGlobalSection
	GlobalSection(ExtensibilityGlobals) = postSolution
		SolutionGuid = {DDC92664-11A8-498F-9EDE-57E019A1B3B1}
	EndGlobalSection
EndGlobal
